
Microsoft Visual Studio Solution File, Format Version 12.00
# Visual Studio Version 17
VisualStudioVersion = 17.10.35027.167
MinimumVisualStudioVersion = 10.0.40219.1
Project("{FAE04EC0-301F-11D3-BF4B-00C04F79EFBC}") = "WebAPI_GiftManagement_BaoTran", "WebAPI_GiftManagement_BaoTran\WebAPI_GiftManagement_BaoTran.csproj", "{172725CB-1F06-4A63-A014-CC9DF59BF6F6}"
EndProject
Global
	GlobalSection(SolutionConfigurationPlatforms) = preSolution
		Debug|Any CPU = Debug|Any CPU
		Release|Any CPU = Release|Any CPU
	EndGlobalSection
	GlobalSection(ProjectConfigurationPlatforms) = postSolution
		{172725CB-1F06-4A63-A014-CC9DF59BF6F6}.Debug|Any CPU.ActiveCfg = Debug|Any CPU
		{172725CB-1F06-4A63-A014-CC9DF59BF6F6}.Debug|Any CPU.Build.0 = Debug|Any CPU
		{172725CB-1F06-4A63-A014-CC9DF59BF6F6}.Release|Any CPU.ActiveCfg = Release|Any CPU
		{172725CB-1F06-4A63-A014-CC9DF59BF6F6}.Release|Any CPU.Build.0 = Release|Any CPU
	EndGlobalSection
	GlobalSection(SolutionProperties) = preSolution
		HideSolutionNode = FALSE
	EndGlobalSection
	GlobalSection(ExtensibilityGlobals) = postSolution
		SolutionGuid = {776CA752-42AE-4A0D-B5E5-AE124D1261DE}
	EndGlobalSection
EndGlobal
